
Microsoft Visual Studio Solution File, Format Version 12.00
# Visual Studio Express 2013 for Web
VisualStudioVersion = 12.0.30723.0
MinimumVisualStudioVersion = 10.0.40219.1
Project("{FAE04EC0-301F-11D3-BF4B-00C04F79EFBC}") = "BitTech.Data", "BitTech.Data\BitTech.Data.csproj", "{3E3402F2-B430-44C2-87F1-1BB42AB5F53C}"
EndProject
Project("{FAE04EC0-301F-11D3-BF4B-00C04F79EFBC}") = "BitTech.Web", "BitTech.Web\BitTech.Web.csproj", "{7AA3DEB2-542A-447A-9457-7583752E9EA8}"
EndProject
Global
	GlobalSection(SolutionConfigurationPlatforms) = preSolution
		Debug|Any CPU = Debug|Any CPU
		Release|Any CPU = Release|Any CPU
	EndGlobalSection
	GlobalSection(ProjectConfigurationPlatforms) = postSolution
		{3E3402F2-B430-44C2-87F1-1BB42AB5F53C}.Debug|Any CPU.ActiveCfg = Debug|Any CPU
		{3E3402F2-B430-44C2-87F1-1BB42AB5F53C}.Debug|Any CPU.Build.0 = Debug|Any CPU
		{3E3402F2-B430-44C2-87F1-1BB42AB5F53C}.Release|Any CPU.ActiveCfg = Release|Any CPU
		{3E3402F2-B430-44C2-87F1-1BB42AB5F53C}.Release|Any CPU.Build.0 = Release|Any CPU
		{7AA3DEB2-542A-447A-9457-7583752E9EA8}.Debug|Any CPU.ActiveCfg = Debug|Any CPU
		{7AA3DEB2-542A-447A-9457-7583752E9EA8}.Debug|Any CPU.Build.0 = Debug|Any CPU
		{7AA3DEB2-542A-447A-9457-7583752E9EA8}.Release|Any CPU.ActiveCfg = Release|Any CPU
		{7AA3DEB2-542A-447A-9457-7583752E9EA8}.Release|Any CPU.Build.0 = Release|Any CPU
	EndGlobalSection
	GlobalSection(SolutionProperties) = preSolution
		HideSolutionNode = FALSE
	EndGlobalSection
EndGlobal
